
Microsoft Visual Studio Solution File, Format Version 12.00
# Visual Studio Version 17
VisualStudioVersion = 17.4.33213.308
MinimumVisualStudioVersion = 10.0.40219.1
Project("{FAE04EC0-301F-11D3-BF4B-00C04F79EFBC}") = "Warren.Consle", "Warren.Gaming\Warren.Consle.csproj", "{E0DF4E2E-9972-4C92-8BB9-3C879E7AD706}"
EndProject
Project("{FAE04EC0-301F-11D3-BF4B-00C04F79EFBC}") = "Warren.Domain", "Warren.Domain\Warren.Domain.csproj", "{23DF07B3-6A9A-4EF7-AE64-FDADA6428511}"
EndProject
Project("{FAE04EC0-301F-11D3-BF4B-00C04F79EFBC}") = "Warren.SlotMachine", "Warren.SlotMachine\Warren.SlotMachine.csproj", "{8A597679-7CFA-46FD-BFD1-844559DECE1E}"
EndProject
Global
	GlobalSection(SolutionConfigurationPlatforms) = preSolution
		Debug|Any CPU = Debug|Any CPU
		Release|Any CPU = Release|Any CPU
	EndGlobalSection
	GlobalSection(ProjectConfigurationPlatforms) = postSolution
		{E0DF4E2E-9972-4C92-8BB9-3C879E7AD706}.Debug|Any CPU.ActiveCfg = Debug|Any CPU
		{E0DF4E2E-9972-4C92-8BB9-3C879E7AD706}.Debug|Any CPU.Build.0 = Debug|Any CPU
		{E0DF4E2E-9972-4C92-8BB9-3C879E7AD706}.Release|Any CPU.ActiveCfg = Release|Any CPU
		{E0DF4E2E-9972-4C92-8BB9-3C879E7AD706}.Release|Any CPU.Build.0 = Release|Any CPU
		{23DF07B3-6A9A-4EF7-AE64-FDADA6428511}.Debug|Any CPU.ActiveCfg = Debug|Any CPU
		{23DF07B3-6A9A-4EF7-AE64-FDADA6428511}.Debug|Any CPU.Build.0 = Debug|Any CPU
		{23DF07B3-6A9A-4EF7-AE64-FDADA6428511}.Release|Any CPU.ActiveCfg = Release|Any CPU
		{23DF07B3-6A9A-4EF7-AE64-FDADA6428511}.Release|Any CPU.Build.0 = Release|Any CPU
		{8A597679-7CFA-46FD-BFD1-844559DECE1E}.Debug|Any CPU.ActiveCfg = Debug|Any CPU
		{8A597679-7CFA-46FD-BFD1-844559DECE1E}.Debug|Any CPU.Build.0 = Debug|Any CPU
		{8A597679-7CFA-46FD-BFD1-844559DECE1E}.Release|Any CPU.ActiveCfg = Release|Any CPU
		{8A597679-7CFA-46FD-BFD1-844559DECE1E}.Release|Any CPU.Build.0 = Release|Any CPU
	EndGlobalSection
	GlobalSection(SolutionProperties) = preSolution
		HideSolutionNode = FALSE
	EndGlobalSection
	GlobalSection(ExtensibilityGlobals) = postSolution
		SolutionGuid = {2086DB3F-F89A-420D-AC86-DDD0A5051F29}
	EndGlobalSection
EndGlobal
